// !$*UTF8*$!
{
	archiveVersion = 1;
	classes = {
	};
	objectVersion = 50;
	objects = {

/* Begin PBXBuildFile section */
		AC5322D023BF3A7D008A1F82 /* Common.framework in Frameworks */ = {isa = PBXBuildFile; fileRef = ACA0519A23BF36F30026C09A /* Common.framework */; };
		AC5322D123BF3A7D008A1F82 /* Common.framework in Embed Frameworks */ = {isa = PBXBuildFile; fileRef = ACA0519A23BF36F30026C09A /* Common.framework */; settings = {ATTRIBUTES = (CodeSignOnCopy, RemoveHeadersOnCopy, ); }; };
		AC750F7823BA69770006876E /* PersonListViewModelTests.swift in Sources */ = {isa = PBXBuildFile; fileRef = AC750F7723BA69770006876E /* PersonListViewModelTests.swift */; };
		AC750F7A23BA8D190006876E /* README.md in Resources */ = {isa = PBXBuildFile; fileRef = AC750F7923BA8D190006876E /* README.md */; };
		AC750F7E23BA96300006876E /* PersonCellViewModelTests.swift in Sources */ = {isa = PBXBuildFile; fileRef = AC750F7D23BA96300006876E /* PersonCellViewModelTests.swift */; };
		AC750F8423BABF2F0006876E /* PersonDetailsViewModelTests.swift in Sources */ = {isa = PBXBuildFile; fileRef = AC750F8323BABF2F0006876E /* PersonDetailsViewModelTests.swift */; };
		ACA0513423BC37110026C09A /* TestCase+ExpectionExtension.swift in Sources */ = {isa = PBXBuildFile; fileRef = ACA0513323BC37110026C09A /* TestCase+ExpectionExtension.swift */; };
		ACA0514123BCEC820026C09A /* RoomListViewModel.swift in Sources */ = {isa = PBXBuildFile; fileRef = ACA0514023BCEC820026C09A /* RoomListViewModel.swift */; };
		ACA0514323BCED980026C09A /* RoomCellViewModel.swift in Sources */ = {isa = PBXBuildFile; fileRef = ACA0514223BCED980026C09A /* RoomCellViewModel.swift */; };
		ACA0514723BCEF010026C09A /* RoomListViewModelTests.swift in Sources */ = {isa = PBXBuildFile; fileRef = ACA0514623BCEF010026C09A /* RoomListViewModelTests.swift */; };
		ACA0514D23BD15F20026C09A /* RoomCell.swift in Sources */ = {isa = PBXBuildFile; fileRef = ACA0514C23BD15F20026C09A /* RoomCell.swift */; };
		ACA0515423BE9CBC0026C09A /* ViewModelViewStateGenerator.swift in Sources */ = {isa = PBXBuildFile; fileRef = ACA0515323BE9CBC0026C09A /* ViewModelViewStateGenerator.swift */; };
		ACA0515C23BF19280026C09A /* PeopleListViewModelFilterTests.swift in Sources */ = {isa = PBXBuildFile; fileRef = ACA0515B23BF19280026C09A /* PeopleListViewModelFilterTests.swift */; };
		ACA0517523BF329E0026C09A /* People.framework in Frameworks */ = {isa = PBXBuildFile; fileRef = ACA0517423BF329E0026C09A /* People.framework */; };
		ACA0517623BF329E0026C09A /* People.framework in Embed Frameworks */ = {isa = PBXBuildFile; fileRef = ACA0517423BF329E0026C09A /* People.framework */; settings = {ATTRIBUTES = (CodeSignOnCopy, RemoveHeadersOnCopy, ); }; };
		ACB236ED23AEFAC400248DEC /* AppDelegate.swift in Sources */ = {isa = PBXBuildFile; fileRef = ACB236EC23AEFAC400248DEC /* AppDelegate.swift */; };
		ACB236F623AEFAC800248DEC /* Assets.xcassets in Resources */ = {isa = PBXBuildFile; fileRef = ACB236F523AEFAC800248DEC /* Assets.xcassets */; };
		ACB236F923AEFAC800248DEC /* LaunchScreen.storyboard in Resources */ = {isa = PBXBuildFile; fileRef = ACB236F723AEFAC800248DEC /* LaunchScreen.storyboard */; };
		ACB2370B23AF01AC00248DEC /* RoomListViewController.swift in Sources */ = {isa = PBXBuildFile; fileRef = ACB2370A23AF01AC00248DEC /* RoomListViewController.swift */; };
		ACE54B8B23B4FDD30031AB39 /* DirectoryTabBarController.swift in Sources */ = {isa = PBXBuildFile; fileRef = ACE54B8A23B4FDD30031AB39 /* DirectoryTabBarController.swift */; };
/* End PBXBuildFile section */

/* Begin PBXContainerItemProxy section */
		AC750F6D23BA66920006876E /* PBXContainerItemProxy */ = {
			isa = PBXContainerItemProxy;
			containerPortal = ACB236E123AEFAC400248DEC /* Project object */;
			proxyType = 1;
			remoteGlobalIDString = ACB236E823AEFAC400248DEC;
			remoteInfo = CBDirectory;
		};
/* End PBXContainerItemProxy section */

/* Begin PBXCopyFilesBuildPhase section */
		ACA0517723BF329E0026C09A /* Embed Frameworks */ = {
			isa = PBXCopyFilesBuildPhase;
			buildActionMask = 2147483647;
			dstPath = "";
			dstSubfolderSpec = 10;
			files = (
				ACA0517623BF329E0026C09A /* People.framework in Embed Frameworks */,
				AC5322D123BF3A7D008A1F82 /* Common.framework in Embed Frameworks */,
			);
			name = "Embed Frameworks";
			runOnlyForDeploymentPostprocessing = 0;
		};
/* End PBXCopyFilesBuildPhase section */

/* Begin PBXFileReference section */
		AC750F6823BA66910006876E /* CBDirectoryTests.xctest */ = {isa = PBXFileReference; explicitFileType = wrapper.cfbundle; includeInIndex = 0; path = CBDirectoryTests.xctest; sourceTree = BUILT_PRODUCTS_DIR; };
		AC750F6C23BA66920006876E /* Info.plist */ = {isa = PBXFileReference; lastKnownFileType = text.plist.xml; path = Info.plist; sourceTree = "<group>"; };
		AC750F7723BA69770006876E /* PersonListViewModelTests.swift */ = {isa = PBXFileReference; lastKnownFileType = sourcecode.swift; path = PersonListViewModelTests.swift; sourceTree = "<group>"; };
		AC750F7923BA8D190006876E /* README.md */ = {isa = PBXFileReference; fileEncoding = 4; lastKnownFileType = net.daringfireball.markdown; path = README.md; sourceTree = "<group>"; };
		AC750F7D23BA96300006876E /* PersonCellViewModelTests.swift */ = {isa = PBXFileReference; lastKnownFileType = sourcecode.swift; path = PersonCellViewModelTests.swift; sourceTree = "<group>"; };
		AC750F8323BABF2F0006876E /* PersonDetailsViewModelTests.swift */ = {isa = PBXFileReference; lastKnownFileType = sourcecode.swift; path = PersonDetailsViewModelTests.swift; sourceTree = "<group>"; };
		ACA0513323BC37110026C09A /* TestCase+ExpectionExtension.swift */ = {isa = PBXFileReference; fileEncoding = 4; lastKnownFileType = sourcecode.swift; path = "TestCase+ExpectionExtension.swift"; sourceTree = "<group>"; };
		ACA0514023BCEC820026C09A /* RoomListViewModel.swift */ = {isa = PBXFileReference; lastKnownFileType = sourcecode.swift; path = RoomListViewModel.swift; sourceTree = "<group>"; };
		ACA0514223BCED980026C09A /* RoomCellViewModel.swift */ = {isa = PBXFileReference; lastKnownFileType = sourcecode.swift; path = RoomCellViewModel.swift; sourceTree = "<group>"; };
		ACA0514623BCEF010026C09A /* RoomListViewModelTests.swift */ = {isa = PBXFileReference; lastKnownFileType = sourcecode.swift; path = RoomListViewModelTests.swift; sourceTree = "<group>"; };
		ACA0514C23BD15F20026C09A /* RoomCell.swift */ = {isa = PBXFileReference; lastKnownFileType = sourcecode.swift; path = RoomCell.swift; sourceTree = "<group>"; };
		ACA0515323BE9CBC0026C09A /* ViewModelViewStateGenerator.swift */ = {isa = PBXFileReference; lastKnownFileType = sourcecode.swift; path = ViewModelViewStateGenerator.swift; sourceTree = "<group>"; };
		ACA0515B23BF19280026C09A /* PeopleListViewModelFilterTests.swift */ = {isa = PBXFileReference; lastKnownFileType = sourcecode.swift; path = PeopleListViewModelFilterTests.swift; sourceTree = "<group>"; };
		ACA0517423BF329E0026C09A /* People.framework */ = {isa = PBXFileReference; explicitFileType = wrapper.framework; path = People.framework; sourceTree = BUILT_PRODUCTS_DIR; };
		ACA0519A23BF36F30026C09A /* Common.framework */ = {isa = PBXFileReference; explicitFileType = wrapper.framework; path = Common.framework; sourceTree = BUILT_PRODUCTS_DIR; };
		ACB236E923AEFAC400248DEC /* CBDirectory.app */ = {isa = PBXFileReference; explicitFileType = wrapper.application; includeInIndex = 0; path = CBDirectory.app; sourceTree = BUILT_PRODUCTS_DIR; };
		ACB236EC23AEFAC400248DEC /* AppDelegate.swift */ = {isa = PBXFileReference; lastKnownFileType = sourcecode.swift; path = AppDelegate.swift; sourceTree = "<group>"; };
		ACB236F523AEFAC800248DEC /* Assets.xcassets */ = {isa = PBXFileReference; lastKnownFileType = folder.assetcatalog; path = Assets.xcassets; sourceTree = "<group>"; };
		ACB236F823AEFAC800248DEC /* Base */ = {isa = PBXFileReference; lastKnownFileType = file.storyboard; name = Base; path = Base.lproj/LaunchScreen.storyboard; sourceTree = "<group>"; };
		ACB236FA23AEFAC800248DEC /* Info.plist */ = {isa = PBXFileReference; lastKnownFileType = text.plist.xml; path = Info.plist; sourceTree = "<group>"; };
		ACB2370A23AF01AC00248DEC /* RoomListViewController.swift */ = {isa = PBXFileReference; fileEncoding = 4; lastKnownFileType = sourcecode.swift; path = RoomListViewController.swift; sourceTree = "<group>"; };
		ACE54B8A23B4FDD30031AB39 /* DirectoryTabBarController.swift */ = {isa = PBXFileReference; lastKnownFileType = sourcecode.swift; path = DirectoryTabBarController.swift; sourceTree = "<group>"; };
/* End PBXFileReference section */

/* Begin PBXFrameworksBuildPhase section */
		AC750F6523BA66910006876E /* Frameworks */ = {
			isa = PBXFrameworksBuildPhase;
			buildActionMask = 2147483647;
			files = (
			);
			runOnlyForDeploymentPostprocessing = 0;
		};
		ACB236E623AEFAC400248DEC /* Frameworks */ = {
			isa = PBXFrameworksBuildPhase;
			buildActionMask = 2147483647;
			files = (
				ACA0517523BF329E0026C09A /* People.framework in Frameworks */,
				AC5322D023BF3A7D008A1F82 /* Common.framework in Frameworks */,
			);
			runOnlyForDeploymentPostprocessing = 0;
		};
/* End PBXFrameworksBuildPhase section */

/* Begin PBXGroup section */
		AC750F6923BA66910006876E /* CBDirectoryTests */ = {
			isa = PBXGroup;
			children = (
				ACA0513323BC37110026C09A /* TestCase+ExpectionExtension.swift */,
				ACA0515323BE9CBC0026C09A /* ViewModelViewStateGenerator.swift */,
				ACA0514423BCEED40026C09A /* Rooms */,
				AC750F7523BA694D0006876E /* Person */,
				AC750F6C23BA66920006876E /* Info.plist */,
			);
			path = CBDirectoryTests;
			sourceTree = "<group>";
		};
		AC750F7523BA694D0006876E /* Person */ = {
			isa = PBXGroup;
			children = (
				AC750F7623BA69540006876E /* ViewModel */,
			);
			path = Person;
			sourceTree = "<group>";
		};
		AC750F7623BA69540006876E /* ViewModel */ = {
			isa = PBXGroup;
			children = (
				AC750F7723BA69770006876E /* PersonListViewModelTests.swift */,
				AC750F7D23BA96300006876E /* PersonCellViewModelTests.swift */,
				AC750F8323BABF2F0006876E /* PersonDetailsViewModelTests.swift */,
				ACA0515B23BF19280026C09A /* PeopleListViewModelFilterTests.swift */,
			);
			path = ViewModel;
			sourceTree = "<group>";
		};
		ACA0513F23BCEC700026C09A /* ViewModel */ = {
			isa = PBXGroup;
			children = (
				ACA0514023BCEC820026C09A /* RoomListViewModel.swift */,
				ACA0514223BCED980026C09A /* RoomCellViewModel.swift */,
			);
			path = ViewModel;
			sourceTree = "<group>";
		};
		ACA0514423BCEED40026C09A /* Rooms */ = {
			isa = PBXGroup;
			children = (
				ACA0514523BCEEE00026C09A /* ViewModel */,
			);
			path = Rooms;
			sourceTree = "<group>";
		};
		ACA0514523BCEEE00026C09A /* ViewModel */ = {
			isa = PBXGroup;
			children = (
				ACA0514623BCEF010026C09A /* RoomListViewModelTests.swift */,
			);
			path = ViewModel;
			sourceTree = "<group>";
		};
		ACA0517323BF329E0026C09A /* Frameworks */ = {
			isa = PBXGroup;
			children = (
				ACA0519A23BF36F30026C09A /* Common.framework */,
				ACA0517423BF329E0026C09A /* People.framework */,
			);
			name = Frameworks;
			sourceTree = "<group>";
		};
		ACB236E023AEFAC400248DEC = {
			isa = PBXGroup;
			children = (
				AC750F7923BA8D190006876E /* README.md */,
				ACB236EB23AEFAC400248DEC /* CBDirectory */,
				AC750F6923BA66910006876E /* CBDirectoryTests */,
				ACB236EA23AEFAC400248DEC /* Products */,
				ACA0517323BF329E0026C09A /* Frameworks */,
			);
			sourceTree = "<group>";
		};
		ACB236EA23AEFAC400248DEC /* Products */ = {
			isa = PBXGroup;
			children = (
				ACB236E923AEFAC400248DEC /* CBDirectory.app */,
				AC750F6823BA66910006876E /* CBDirectoryTests.xctest */,
			);
			name = Products;
			sourceTree = "<group>";
		};
		ACB236EB23AEFAC400248DEC /* CBDirectory */ = {
			isa = PBXGroup;
			children = (
				ACB2370623AF013500248DEC /* Rooms */,
				ACB236EC23AEFAC400248DEC /* AppDelegate.swift */,
				ACB236F523AEFAC800248DEC /* Assets.xcassets */,
				ACB236F723AEFAC800248DEC /* LaunchScreen.storyboard */,
				ACB236FA23AEFAC800248DEC /* Info.plist */,
				ACE54B8A23B4FDD30031AB39 /* DirectoryTabBarController.swift */,
			);
			path = CBDirectory;
			sourceTree = "<group>";
		};
		ACB2370623AF013500248DEC /* Rooms */ = {
			isa = PBXGroup;
			children = (
				ACA0513F23BCEC700026C09A /* ViewModel */,
				ACB2370A23AF01AC00248DEC /* RoomListViewController.swift */,
				ACA0514C23BD15F20026C09A /* RoomCell.swift */,
			);
			path = Rooms;
			sourceTree = "<group>";
		};
/* End PBXGroup section */

/* Begin PBXNativeTarget section */
		AC750F6723BA66910006876E /* CBDirectoryTests */ = {
			isa = PBXNativeTarget;
			buildConfigurationList = AC750F6F23BA66920006876E /* Build configuration list for PBXNativeTarget "CBDirectoryTests" */;
			buildPhases = (
				AC750F6423BA66910006876E /* Sources */,
				AC750F6523BA66910006876E /* Frameworks */,
				AC750F6623BA66910006876E /* Resources */,
			);
			buildRules = (
			);
			dependencies = (
				AC750F6E23BA66920006876E /* PBXTargetDependency */,
			);
			name = CBDirectoryTests;
			productName = CBDirectoryTests;
			productReference = AC750F6823BA66910006876E /* CBDirectoryTests.xctest */;
			productType = "com.apple.product-type.bundle.unit-test";
		};
		ACB236E823AEFAC400248DEC /* CBDirectory */ = {
			isa = PBXNativeTarget;
			buildConfigurationList = ACB236FD23AEFAC800248DEC /* Build configuration list for PBXNativeTarget "CBDirectory" */;
			buildPhases = (
				ACB236E523AEFAC400248DEC /* Sources */,
				ACB236E623AEFAC400248DEC /* Frameworks */,
				ACB236E723AEFAC400248DEC /* Resources */,
				ACA0517723BF329E0026C09A /* Embed Frameworks */,
			);
			buildRules = (
			);
			dependencies = (
			);
			name = CBDirectory;
			productName = CBDirectory;
			productReference = ACB236E923AEFAC400248DEC /* CBDirectory.app */;
			productType = "com.apple.product-type.application";
		};
/* End PBXNativeTarget section */

/* Begin PBXProject section */
		ACB236E123AEFAC400248DEC /* Project object */ = {
			isa = PBXProject;
			attributes = {
				LastSwiftUpdateCheck = 1120;
				LastUpgradeCheck = 1120;
				ORGANIZATIONNAME = Rufus;
				TargetAttributes = {
					AC750F6723BA66910006876E = {
						CreatedOnToolsVersion = 11.2.1;
						TestTargetID = ACB236E823AEFAC400248DEC;
					};
					ACB236E823AEFAC400248DEC = {
						CreatedOnToolsVersion = 11.2.1;
					};
				};
			};
			buildConfigurationList = ACB236E423AEFAC400248DEC /* Build configuration list for PBXProject "CBDirectory" */;
			compatibilityVersion = "Xcode 9.3";
			developmentRegion = en;
			hasScannedForEncodings = 0;
			knownRegions = (
				en,
				Base,
			);
			mainGroup = ACB236E023AEFAC400248DEC;
			productRefGroup = ACB236EA23AEFAC400248DEC /* Products */;
			projectDirPath = "";
			projectRoot = "";
			targets = (
				ACB236E823AEFAC400248DEC /* CBDirectory */,
				AC750F6723BA66910006876E /* CBDirectoryTests */,
			);
		};
/* End PBXProject section */

/* Begin PBXResourcesBuildPhase section */
		AC750F6623BA66910006876E /* Resources */ = {
			isa = PBXResourcesBuildPhase;
			buildActionMask = 2147483647;
			files = (
			);
			runOnlyForDeploymentPostprocessing = 0;
		};
		ACB236E723AEFAC400248DEC /* Resources */ = {
			isa = PBXResourcesBuildPhase;
			buildActionMask = 2147483647;
			files = (
				AC750F7A23BA8D190006876E /* README.md in Resources */,
				ACB236F923AEFAC800248DEC /* LaunchScreen.storyboard in Resources */,
				ACB236F623AEFAC800248DEC /* Assets.xcassets in Resources */,
			);
			runOnlyForDeploymentPostprocessing = 0;
		};
/* End PBXResourcesBuildPhase section */

/* Begin PBXSourcesBuildPhase section */
		AC750F6423BA66910006876E /* Sources */ = {
			isa = PBXSourcesBuildPhase;
			buildActionMask = 2147483647;
			files = (
				ACA0515C23BF19280026C09A /* PeopleListViewModelFilterTests.swift in Sources */,
				AC750F7E23BA96300006876E /* PersonCellViewModelTests.swift in Sources */,
				ACA0513423BC37110026C09A /* TestCase+ExpectionExtension.swift in Sources */,
				ACA0514723BCEF010026C09A /* RoomListViewModelTests.swift in Sources */,
				AC750F8423BABF2F0006876E /* PersonDetailsViewModelTests.swift in Sources */,
				AC750F7823BA69770006876E /* PersonListViewModelTests.swift in Sources */,
				ACA0515423BE9CBC0026C09A /* ViewModelViewStateGenerator.swift in Sources */,
			);
			runOnlyForDeploymentPostprocessing = 0;
		};
		ACB236E523AEFAC400248DEC /* Sources */ = {
			isa = PBXSourcesBuildPhase;
			buildActionMask = 2147483647;
			files = (
				ACB236ED23AEFAC400248DEC /* AppDelegate.swift in Sources */,
				ACE54B8B23B4FDD30031AB39 /* DirectoryTabBarController.swift in Sources */,
				ACA0514D23BD15F20026C09A /* RoomCell.swift in Sources */,
				ACB2370B23AF01AC00248DEC /* RoomListViewController.swift in Sources */,
				ACA0514123BCEC820026C09A /* RoomListViewModel.swift in Sources */,
				ACA0514323BCED980026C09A /* RoomCellViewModel.swift in Sources */,
			);
			runOnlyForDeploymentPostprocessing = 0;
		};
/* End PBXSourcesBuildPhase section */

/* Begin PBXTargetDependency section */
		AC750F6E23BA66920006876E /* PBXTargetDependency */ = {
			isa = PBXTargetDependency;
			target = ACB236E823AEFAC400248DEC /* CBDirectory */;
			targetProxy = AC750F6D23BA66920006876E /* PBXContainerItemProxy */;
		};
/* End PBXTargetDependency section */

/* Begin PBXVariantGroup section */
		ACB236F723AEFAC800248DEC /* LaunchScreen.storyboard */ = {
			isa = PBXVariantGroup;
			children = (
				ACB236F823AEFAC800248DEC /* Base */,
			);
			name = LaunchScreen.storyboard;
			sourceTree = "<group>";
		};
/* End PBXVariantGroup section */

/* Begin XCBuildConfiguration section */
		AC750F7023BA66920006876E /* Debug */ = {
			isa = XCBuildConfiguration;
			buildSettings = {
				BUNDLE_LOADER = "$(TEST_HOST)";
				CODE_SIGN_STYLE = Automatic;
				DEVELOPMENT_TEAM = MQ4Z795YVF;
				INFOPLIST_FILE = CBDirectoryTests/Info.plist;
				LD_RUNPATH_SEARCH_PATHS = (
					"$(inherited)",
					"@executable_path/Frameworks",
					"@loader_path/Frameworks",
				);
				PRODUCT_BUNDLE_IDENTIFIER = rufus.programmer.CBDirectoryTests;
				PRODUCT_NAME = "$(TARGET_NAME)";
				SWIFT_VERSION = 5.0;
				TARGETED_DEVICE_FAMILY = "1,2";
				TEST_HOST = "$(BUILT_PRODUCTS_DIR)/CBDirectory.app/CBDirectory";
			};
			name = Debug;
		};
		AC750F7123BA66920006876E /* Release */ = {
			isa = XCBuildConfiguration;
			buildSettings = {
				BUNDLE_LOADER = "$(TEST_HOST)";
				CODE_SIGN_STYLE = Automatic;
				DEVELOPMENT_TEAM = MQ4Z795YVF;
				INFOPLIST_FILE = CBDirectoryTests/Info.plist;
				LD_RUNPATH_SEARCH_PATHS = (
					"$(inherited)",
					"@executable_path/Frameworks",
					"@loader_path/Frameworks",
				);
				PRODUCT_BUNDLE_IDENTIFIER = rufus.programmer.CBDirectoryTests;
				PRODUCT_NAME = "$(TARGET_NAME)";
				SWIFT_VERSION = 5.0;
				TARGETED_DEVICE_FAMILY = "1,2";
				TEST_HOST = "$(BUILT_PRODUCTS_DIR)/CBDirectory.app/CBDirectory";
			};
			name = Release;
		};
		ACB236FB23AEFAC800248DEC /* Debug */ = {
			isa = XCBuildConfiguration;
			buildSettings = {
				ALWAYS_SEARCH_USER_PATHS = NO;
				CLANG_ANALYZER_NONNULL = YES;
				CLANG_ANALYZER_NUMBER_OBJECT_CONVERSION = YES_AGGRESSIVE;
				CLANG_CXX_LANGUAGE_STANDARD = "gnu++14";
				CLANG_CXX_LIBRARY = "libc++";
				CLANG_ENABLE_MODULES = YES;
				CLANG_ENABLE_OBJC_ARC = YES;
				CLANG_ENABLE_OBJC_WEAK = YES;
				CLANG_WARN_BLOCK_CAPTURE_AUTORELEASING = YES;
				CLANG_WARN_BOOL_CONVERSION = YES;
				CLANG_WARN_COMMA = YES;
				CLANG_WARN_CONSTANT_CONVERSION = YES;
				CLANG_WARN_DEPRECATED_OBJC_IMPLEMENTATIONS = YES;
				CLANG_WARN_DIRECT_OBJC_ISA_USAGE = YES_ERROR;
				CLANG_WARN_DOCUMENTATION_COMMENTS = YES;
				CLANG_WARN_EMPTY_BODY = YES;
				CLANG_WARN_ENUM_CONVERSION = YES;
				CLANG_WARN_INFINITE_RECURSION = YES;
				CLANG_WARN_INT_CONVERSION = YES;
				CLANG_WARN_NON_LITERAL_NULL_CONVERSION = YES;
				CLANG_WARN_OBJC_IMPLICIT_RETAIN_SELF = YES;
				CLANG_WARN_OBJC_LITERAL_CONVERSION = YES;
				CLANG_WARN_OBJC_ROOT_CLASS = YES_ERROR;
				CLANG_WARN_RANGE_LOOP_ANALYSIS = YES;
				CLANG_WARN_STRICT_PROTOTYPES = YES;
				CLANG_WARN_SUSPICIOUS_MOVE = YES;
				CLANG_WARN_UNGUARDED_AVAILABILITY = YES_AGGRESSIVE;
				CLANG_WARN_UNREACHABLE_CODE = YES;
				CLANG_WARN__DUPLICATE_METHOD_MATCH = YES;
				COPY_PHASE_STRIP = NO;
				DEBUG_INFORMATION_FORMAT = dwarf;
				ENABLE_STRICT_OBJC_MSGSEND = YES;
				ENABLE_TESTABILITY = YES;
				GCC_C_LANGUAGE_STANDARD = gnu11;
				GCC_DYNAMIC_NO_PIC = NO;
				GCC_NO_COMMON_BLOCKS = YES;
				GCC_OPTIMIZATION_LEVEL = 0;
				GCC_PREPROCESSOR_DEFINITIONS = (
					"DEBUG=1",
					"$(inherited)",
				);
				GCC_WARN_64_TO_32_BIT_CONVERSION = YES;
				GCC_WARN_ABOUT_RETURN_TYPE = YES_ERROR;
				GCC_WARN_UNDECLARED_SELECTOR = YES;
				GCC_WARN_UNINITIALIZED_AUTOS = YES_AGGRESSIVE;
				GCC_WARN_UNUSED_FUNCTION = YES;
				GCC_WARN_UNUSED_VARIABLE = YES;
				IPHONEOS_DEPLOYMENT_TARGET = 13.2;
				MTL_ENABLE_DEBUG_INFO = INCLUDE_SOURCE;
				MTL_FAST_MATH = YES;
				ONLY_ACTIVE_ARCH = YES;
				SDKROOT = iphoneos;
				SWIFT_ACTIVE_COMPILATION_CONDITIONS = DEBUG;
				SWIFT_OPTIMIZATION_LEVEL = "-Onone";
				SWIFT_VERSION = 5.0;
			};
			name = Debug;
		};
		ACB236FC23AEFAC800248DEC /* Release */ = {
			isa = XCBuildConfiguration;
			buildSettings = {
				ALWAYS_SEARCH_USER_PATHS = NO;
				CLANG_ANALYZER_NONNULL = YES;
				CLANG_ANALYZER_NUMBER_OBJECT_CONVERSION = YES_AGGRESSIVE;
				CLANG_CXX_LANGUAGE_STANDARD = "gnu++14";
				CLANG_CXX_LIBRARY = "libc++";
				CLANG_ENABLE_MODULES = YES;
				CLANG_ENABLE_OBJC_ARC = YES;
				CLANG_ENABLE_OBJC_WEAK = YES;
				CLANG_WARN_BLOCK_CAPTURE_AUTORELEASING = YES;
				CLANG_WARN_BOOL_CONVERSION = YES;
				CLANG_WARN_COMMA = YES;
				CLANG_WARN_CONSTANT_CONVERSION = YES;
				CLANG_WARN_DEPRECATED_OBJC_IMPLEMENTATIONS = YES;
				CLANG_WARN_DIRECT_OBJC_ISA_USAGE = YES_ERROR;
				CLANG_WARN_DOCUMENTATION_COMMENTS = YES;
				CLANG_WARN_EMPTY_BODY = YES;
				CLANG_WARN_ENUM_CONVERSION = YES;
				CLANG_WARN_INFINITE_RECURSION = YES;
				CLANG_WARN_INT_CONVERSION = YES;
				CLANG_WARN_NON_LITERAL_NULL_CONVERSION = YES;
				CLANG_WARN_OBJC_IMPLICIT_RETAIN_SELF = YES;
				CLANG_WARN_OBJC_LITERAL_CONVERSION = YES;
				CLANG_WARN_OBJC_ROOT_CLASS = YES_ERROR;
				CLANG_WARN_RANGE_LOOP_ANALYSIS = YES;
				CLANG_WARN_STRICT_PROTOTYPES = YES;
				CLANG_WARN_SUSPICIOUS_MOVE = YES;
				CLANG_WARN_UNGUARDED_AVAILABILITY = YES_AGGRESSIVE;
				CLANG_WARN_UNREACHABLE_CODE = YES;
				CLANG_WARN__DUPLICATE_METHOD_MATCH = YES;
				COPY_PHASE_STRIP = NO;
				DEBUG_INFORMATION_FORMAT = "dwarf-with-dsym";
				ENABLE_NS_ASSERTIONS = NO;
				ENABLE_STRICT_OBJC_MSGSEND = YES;
				GCC_C_LANGUAGE_STANDARD = gnu11;
				GCC_NO_COMMON_BLOCKS = YES;
				GCC_WARN_64_TO_32_BIT_CONVERSION = YES;
				GCC_WARN_ABOUT_RETURN_TYPE = YES_ERROR;
				GCC_WARN_UNDECLARED_SELECTOR = YES;
				GCC_WARN_UNINITIALIZED_AUTOS = YES_AGGRESSIVE;
				GCC_WARN_UNUSED_FUNCTION = YES;
				GCC_WARN_UNUSED_VARIABLE = YES;
				IPHONEOS_DEPLOYMENT_TARGET = 13.2;
				MTL_ENABLE_DEBUG_INFO = NO;
				MTL_FAST_MATH = YES;
				SDKROOT = iphoneos;
				SWIFT_ACTIVE_COMPILATION_CONDITIONS = "";
				SWIFT_COMPILATION_MODE = wholemodule;
				SWIFT_OPTIMIZATION_LEVEL = "-O";
				SWIFT_VERSION = 5.0;
				VALIDATE_PRODUCT = YES;
			};
			name = Release;
		};
		ACB236FE23AEFAC800248DEC /* Debug */ = {
			isa = XCBuildConfiguration;
			buildSettings = {
				ASSETCATALOG_COMPILER_APPICON_NAME = AppIcon;
				CODE_SIGN_STYLE = Automatic;
				DEVELOPMENT_TEAM = MQ4Z795YVF;
				INFOPLIST_FILE = CBDirectory/Info.plist;
				LD_RUNPATH_SEARCH_PATHS = (
					"$(inherited)",
					"@executable_path/Frameworks",
				);
				PRODUCT_BUNDLE_IDENTIFIER = rufus.programmer.CBDirectory;
				PRODUCT_NAME = "$(TARGET_NAME)";
				SWIFT_VERSION = 5.0;
				TARGETED_DEVICE_FAMILY = "1,2";
			};
			name = Debug;
		};
		ACB236FF23AEFAC800248DEC /* Release */ = {
			isa = XCBuildConfiguration;
			buildSettings = {
				ASSETCATALOG_COMPILER_APPICON_NAME = AppIcon;
				CODE_SIGN_STYLE = Automatic;
				DEVELOPMENT_TEAM = MQ4Z795YVF;
				INFOPLIST_FILE = CBDirectory/Info.plist;
				LD_RUNPATH_SEARCH_PATHS = (
					"$(inherited)",
					"@executable_path/Frameworks",
				);
				PRODUCT_BUNDLE_IDENTIFIER = rufus.programmer.CBDirectory;
				PRODUCT_NAME = "$(TARGET_NAME)";
				SWIFT_VERSION = 5.0;
				TARGETED_DEVICE_FAMILY = "1,2";
			};
			name = Release;
		};
/* End XCBuildConfiguration section */

/* Begin XCConfigurationList section */
		AC750F6F23BA66920006876E /* Build configuration list for PBXNativeTarget "CBDirectoryTests" */ = {
			isa = XCConfigurationList;
			buildConfigurations = (
				AC750F7023BA66920006876E /* Debug */,
				AC750F7123BA66920006876E /* Release */,
			);
			defaultConfigurationIsVisible = 0;
			defaultConfigurationName = Release;
		};
		ACB236E423AEFAC400248DEC /* Build configuration list for PBXProject "CBDirectory" */ = {
			isa = XCConfigurationList;
			buildConfigurations = (
				ACB236FB23AEFAC800248DEC /* Debug */,
				ACB236FC23AEFAC800248DEC /* Release */,
			);
			defaultConfigurationIsVisible = 0;
			defaultConfigurationName = Release;
		};
		ACB236FD23AEFAC800248DEC /* Build configuration list for PBXNativeTarget "CBDirectory" */ = {
			isa = XCConfigurationList;
			buildConfigurations = (
				ACB236FE23AEFAC800248DEC /* Debug */,
				ACB236FF23AEFAC800248DEC /* Release */,
			);
			defaultConfigurationIsVisible = 0;
			defaultConfigurationName = Release;
		};
/* End XCConfigurationList section */
	};
	rootObject = ACB236E123AEFAC400248DEC /* Project object */;
}
